
Microsoft Visual Studio Solution File, Format Version 12.00
# Visual Studio 15
VisualStudioVersion = 15.0.27004.2002
MinimumVisualStudioVersion = 10.0.40219.1
Project("{151D2E53-A2C4-4D7D-83FE-D05416EBD58E}") = "Jazz.CrewBidder.ResourceGroup", "Jazz.CrewBidder.ResourceGroup\Jazz.CrewBidder.ResourceGroup.deployproj", "{BAB7C4B4-9DC2-43F6-918C-C0BC724D9F7A}"
EndProject
Project("{FAE04EC0-301F-11D3-BF4B-00C04F79EFBC}") = "Jazz.CrewBidder.WebApp", "Jazz.CrewBidder.WebApp\Jazz.CrewBidder.WebApp.csproj", "{F2F9ADFD-8761-4CBC-B5C9-B1014354B2D5}"
EndProject
Global
	GlobalSection(SolutionConfigurationPlatforms) = preSolution
		Debug|Any CPU = Debug|Any CPU
		Release|Any CPU = Release|Any CPU
	EndGlobalSection
	GlobalSection(ProjectConfigurationPlatforms) = postSolution
		{BAB7C4B4-9DC2-43F6-918C-C0BC724D9F7A}.Debug|Any CPU.ActiveCfg = Debug|Any CPU
		{BAB7C4B4-9DC2-43F6-918C-C0BC724D9F7A}.Debug|Any CPU.Build.0 = Debug|Any CPU
		{BAB7C4B4-9DC2-43F6-918C-C0BC724D9F7A}.Release|Any CPU.ActiveCfg = Release|Any CPU
		{BAB7C4B4-9DC2-43F6-918C-C0BC724D9F7A}.Release|Any CPU.Build.0 = Release|Any CPU
		{F2F9ADFD-8761-4CBC-B5C9-B1014354B2D5}.Debug|Any CPU.ActiveCfg = Debug|Any CPU
		{F2F9ADFD-8761-4CBC-B5C9-B1014354B2D5}.Debug|Any CPU.Build.0 = Debug|Any CPU
		{F2F9ADFD-8761-4CBC-B5C9-B1014354B2D5}.Release|Any CPU.ActiveCfg = Release|Any CPU
		{F2F9ADFD-8761-4CBC-B5C9-B1014354B2D5}.Release|Any CPU.Build.0 = Release|Any CPU
	EndGlobalSection
	GlobalSection(SolutionProperties) = preSolution
		HideSolutionNode = FALSE
	EndGlobalSection
	GlobalSection(ExtensibilityGlobals) = postSolution
		SolutionGuid = {915CF621-5BA5-4EBE-A384-6BCCE7291724}
	EndGlobalSection
EndGlobal
